
Microsoft Visual Studio Solution File, Format Version 12.00
# Visual Studio Version 17
VisualStudioVersion = 17.0.31903.59
MinimumVisualStudioVersion = 10.0.40219.1
Project("{2150E333-8FDC-42A3-9474-1A3956D46DE8}") = "src", "src", "{827E0CD3-B72D-47B6-A68D-7590B98EB39B}"
EndProject
Project("{2150E333-8FDC-42A3-9474-1A3956D46DE8}") = "Aspire", "Aspire", "{52BF7FB6-37FF-5100-EFD1-124EFF302675}"
EndProject
Project("{FAE04EC0-301F-11D3-BF4B-00C04F79EFBC}") = "EventHub.AppHost", "src\Aspire\EventHub.AppHost\EventHub.AppHost.csproj", "{C3F9785A-E3B6-4212-AC1F-79D048B4FA80}"
EndProject
Project("{2150E333-8FDC-42A3-9474-1A3956D46DE8}") = "Services", "Services", "{984BB9B3-3FA3-BE33-9484-CAC21695A33C}"
EndProject
Project("{2150E333-8FDC-42A3-9474-1A3956D46DE8}") = "Identity", "Identity", "{1BFC9479-12BF-35C3-06B8-42D89D95092B}"
EndProject
Project("{FAE04EC0-301F-11D3-BF4B-00C04F79EFBC}") = "Identity.Api", "src\Services\Identity\Identity.Api\Identity.Api.csproj", "{45466E5B-A1B2-4AE5-9160-462178568BBC}"
EndProject
Project("{FAE04EC0-301F-11D3-BF4B-00C04F79EFBC}") = "Identity.Infrastructure", "src\Services\Identity\Identity.Infrastructure\Identity.Infrastructure.csproj", "{455E3C64-EE82-48C9-8B42-8B9D73FFEEBF}"
EndProject
Project("{FAE04EC0-301F-11D3-BF4B-00C04F79EFBC}") = "Identity.Application", "src\Services\Identity\Identity.Application\Identity.Application.csproj", "{85CB714E-0D56-42A9-87CE-C21DFA4C7DD7}"
EndProject
Project("{FAE04EC0-301F-11D3-BF4B-00C04F79EFBC}") = "Identity.Domain", "src\Services\Identity\Identity.Domain\Identity.Domain.csproj", "{90B78F5E-A51C-4914-9941-D39265290957}"
EndProject
Project("{2150E333-8FDC-42A3-9474-1A3956D46DE8}") = "BuildingBlocks", "BuildingBlocks", "{90298CBA-BD6F-3A0A-69D5-97CAD7B05E7E}"
EndProject
Project("{FAE04EC0-301F-11D3-BF4B-00C04F79EFBC}") = "EventHub.BuildingBlocks", "src\BuildingBlocks\EventHub.BuildingBlocks\EventHub.BuildingBlocks.csproj", "{DDE49FF0-4EC2-4709-A08F-6D5220F5D668}"
EndProject
Project("{FAE04EC0-301F-11D3-BF4B-00C04F79EFBC}") = "EventHub.ServiceDefaults", "src\Aspire\EventHub.ServiceDefaults\EventHub.ServiceDefaults.csproj", "{4C5FCB1A-27D7-4E7E-B50B-699510D36F9A}"
EndProject
Project("{2150E333-8FDC-42A3-9474-1A3956D46DE8}") = "Catalog", "Catalog", "{C91C1CF1-1625-0789-F869-53D87D6277BA}"
EndProject
Project("{FAE04EC0-301F-11D3-BF4B-00C04F79EFBC}") = "Catalog.Api", "src\Services\Catalog\Catalog.Api\Catalog.Api.csproj", "{816EF691-786A-4E4E-8009-E72E423BB6CF}"
EndProject
Project("{FAE04EC0-301F-11D3-BF4B-00C04F79EFBC}") = "Catalog.Infrastructure", "src\Services\Catalog\Catalog.Infrastructure\Catalog.Infrastructure.csproj", "{6A32EE77-9DCD-4782-88BB-EC7976DBB2F7}"
EndProject
Project("{FAE04EC0-301F-11D3-BF4B-00C04F79EFBC}") = "Catalog.Application", "src\Services\Catalog\Catalog.Application\Catalog.Application.csproj", "{AB0B4F0A-255A-4922-82BC-B15E5B8FD39C}"
EndProject
Project("{FAE04EC0-301F-11D3-BF4B-00C04F79EFBC}") = "Catalog.Domain", "src\Services\Catalog\Catalog.Domain\Catalog.Domain.csproj", "{007C4D83-543C-4FD9-8D63-C81D61B9A7B4}"
EndProject
Project("{2150E333-8FDC-42A3-9474-1A3956D46DE8}") = "Booking", "Booking", "{4123167B-43F7-B7D6-9F7F-37C16FB29096}"
EndProject
Project("{FAE04EC0-301F-11D3-BF4B-00C04F79EFBC}") = "Booking.Api", "src\Services\Booking\Booking.Api\Booking.Api.csproj", "{71190013-A699-4AC5-9898-D14E9B8B6DEA}"
EndProject
Project("{FAE04EC0-301F-11D3-BF4B-00C04F79EFBC}") = "Booking.Infrastructure", "src\Services\Booking\Booking.Infrastructure\Booking.Infrastructure.csproj", "{81C11CD4-6D14-449D-BAD0-04A8480CA3A8}"
EndProject
Project("{FAE04EC0-301F-11D3-BF4B-00C04F79EFBC}") = "Booking.Application", "src\Services\Booking\Booking.Application\Booking.Application.csproj", "{4C554E69-0BFE-4B3A-8D07-D6EF9B2598E0}"
EndProject
Project("{FAE04EC0-301F-11D3-BF4B-00C04F79EFBC}") = "Booking.Domain", "src\Services\Booking\Booking.Domain\Booking.Domain.csproj", "{BE8F1B23-DFAC-47BE-B72D-8E2BF5A638B7}"
EndProject
Project("{2150E333-8FDC-42A3-9474-1A3956D46DE8}") = "Agent", "Agent", "{51783B9E-01FA-EB3D-EDDF-14C9B6B2F2DC}"
EndProject
Project("{FAE04EC0-301F-11D3-BF4B-00C04F79EFBC}") = "Agent.Api", "src\Services\Agent\Agent.Api\Agent.Api.csproj", "{30E8FC3F-48E6-43FB-8BF5-BAB73414FA0D}"
EndProject
Project("{FAE04EC0-301F-11D3-BF4B-00C04F79EFBC}") = "Agent.Infrastructure", "src\Services\Agent\Agent.Infrastructure\Agent.Infrastructure.csproj", "{6B2C3218-02B0-40EB-9E90-29EA2C6434B3}"
EndProject
Project("{FAE04EC0-301F-11D3-BF4B-00C04F79EFBC}") = "Agent.Application", "src\Services\Agent\Agent.Application\Agent.Application.csproj", "{76F78D0E-77B0-40A4-9AD6-0BC04DD306E9}"
EndProject
Project("{2150E333-8FDC-42A3-9474-1A3956D46DE8}") = "Gateway", "Gateway", "{6306A8FB-679E-111F-6585-8F70E0EE6013}"
EndProject
Project("{FAE04EC0-301F-11D3-BF4B-00C04F79EFBC}") = "EventHub.Gateway", "src\Gateway\EventHub.Gateway\EventHub.Gateway.csproj", "{10CC0B15-8879-481E-B9ED-C00E97CCBEF1}"
EndProject
Project("{2150E333-8FDC-42A3-9474-1A3956D46DE8}") = "Tools", "Tools", "{DCB6FCB8-FF92-AC57-0842-1F72A354D6B1}"
EndProject
Project("{FAE04EC0-301F-11D3-BF4B-00C04F79EFBC}") = "EventHub.SeedData", "src\Tools\EventHub.SeedData\EventHub.SeedData.csproj", "{BD83C968-CFAA-441C-A197-F22A4BBB1631}"
EndProject
Global
	GlobalSection(SolutionConfigurationPlatforms) = preSolution
		Debug|Any CPU = Debug|Any CPU
		Debug|x64 = Debug|x64
		Debug|x86 = Debug|x86
		Release|Any CPU = Release|Any CPU
		Release|x64 = Release|x64
		Release|x86 = Release|x86
	EndGlobalSection
	GlobalSection(ProjectConfigurationPlatforms) = postSolution
		{C3F9785A-E3B6-4212-AC1F-79D048B4FA80}.Debug|Any CPU.ActiveCfg = Debug|Any CPU
		{C3F9785A-E3B6-4212-AC1F-79D048B4FA80}.Debug|Any CPU.Build.0 = Debug|Any CPU
		{C3F9785A-E3B6-4212-AC1F-79D048B4FA80}.Debug|x64.ActiveCfg = Debug|Any CPU
		{C3F9785A-E3B6-4212-AC1F-79D048B4FA80}.Debug|x64.Build.0 = Debug|Any CPU
		{C3F9785A-E3B6-4212-AC1F-79D048B4FA80}.Debug|x86.ActiveCfg = Debug|Any CPU
		{C3F9785A-E3B6-4212-AC1F-79D048B4FA80}.Debug|x86.Build.0 = Debug|Any CPU
		{C3F9785A-E3B6-4212-AC1F-79D048B4FA80}.Release|Any CPU.ActiveCfg = Release|Any CPU
		{C3F9785A-E3B6-4212-AC1F-79D048B4FA80}.Release|Any CPU.Build.0 = Release|Any CPU
		{C3F9785A-E3B6-4212-AC1F-79D048B4FA80}.Release|x64.ActiveCfg = Release|Any CPU
		{C3F9785A-E3B6-4212-AC1F-79D048B4FA80}.Release|x64.Build.0 = Release|Any CPU
		{C3F9785A-E3B6-4212-AC1F-79D048B4FA80}.Release|x86.ActiveCfg = Release|Any CPU
		{C3F9785A-E3B6-4212-AC1F-79D048B4FA80}.Release|x86.Build.0 = Release|Any CPU
		{45466E5B-A1B2-4AE5-9160-462178568BBC}.Debug|Any CPU.ActiveCfg = Debug|Any CPU
		{45466E5B-A1B2-4AE5-9160-462178568BBC}.Debug|Any CPU.Build.0 = Debug|Any CPU
		{45466E5B-A1B2-4AE5-9160-462178568BBC}.Debug|x64.ActiveCfg = Debug|Any CPU
		{45466E5B-A1B2-4AE5-9160-462178568BBC}.Debug|x64.Build.0 = Debug|Any CPU
		{45466E5B-A1B2-4AE5-9160-462178568BBC}.Debug|x86.ActiveCfg = Debug|Any CPU
		{45466E5B-A1B2-4AE5-9160-462178568BBC}.Debug|x86.Build.0 = Debug|Any CPU
		{45466E5B-A1B2-4AE5-9160-462178568BBC}.Release|Any CPU.ActiveCfg = Release|Any CPU
		{45466E5B-A1B2-4AE5-9160-462178568BBC}.Release|Any CPU.Build.0 = Release|Any CPU
		{45466E5B-A1B2-4AE5-9160-462178568BBC}.Release|x64.ActiveCfg = Release|Any CPU
		{45466E5B-A1B2-4AE5-9160-462178568BBC}.Release|x64.Build.0 = Release|Any CPU
		{45466E5B-A1B2-4AE5-9160-462178568BBC}.Release|x86.ActiveCfg = Release|Any CPU
		{45466E5B-A1B2-4AE5-9160-462178568BBC}.Release|x86.Build.0 = Release|Any CPU
		{455E3C64-EE82-48C9-8B42-8B9D73FFEEBF}.Debug|Any CPU.ActiveCfg = Debug|Any CPU
		{455E3C64-EE82-48C9-8B42-8B9D73FFEEBF}.Debug|Any CPU.Build.0 = Debug|Any CPU
		{455E3C64-EE82-48C9-8B42-8B9D73FFEEBF}.Debug|x64.ActiveCfg = Debug|Any CPU
		{455E3C64-EE82-48C9-8B42-8B9D73FFEEBF}.Debug|x64.Build.0 = Debug|Any CPU
		{455E3C64-EE82-48C9-8B42-8B9D73FFEEBF}.Debug|x86.ActiveCfg = Debug|Any CPU
		{455E3C64-EE82-48C9-8B42-8B9D73FFEEBF}.Debug|x86.Build.0 = Debug|Any CPU
		{455E3C64-EE82-48C9-8B42-8B9D73FFEEBF}.Release|Any CPU.ActiveCfg = Release|Any CPU
		{455E3C64-EE82-48C9-8B42-8B9D73FFEEBF}.Release|Any CPU.Build.0 = Release|Any CPU
		{455E3C64-EE82-48C9-8B42-8B9D73FFEEBF}.Release|x64.ActiveCfg = Release|Any CPU
		{455E3C64-EE82-48C9-8B42-8B9D73FFEEBF}.Release|x64.Build.0 = Release|Any CPU
		{455E3C64-EE82-48C9-8B42-8B9D73FFEEBF}.Release|x86.ActiveCfg = Release|Any CPU
		{455E3C64-EE82-48C9-8B42-8B9D73FFEEBF}.Release|x86.Build.0 = Release|Any CPU
		{85CB714E-0D56-42A9-87CE-C21DFA4C7DD7}.Debug|Any CPU.ActiveCfg = Debug|Any CPU
		{85CB714E-0D56-42A9-87CE-C21DFA4C7DD7}.Debug|Any CPU.Build.0 = Debug|Any CPU
		{85CB714E-0D56-42A9-87CE-C21DFA4C7DD7}.Debug|x64.ActiveCfg = Debug|Any CPU
		{85CB714E-0D56-42A9-87CE-C21DFA4C7DD7}.Debug|x64.Build.0 = Debug|Any CPU
		{85CB714E-0D56-42A9-87CE-C21DFA4C7DD7}.Debug|x86.ActiveCfg = Debug|Any CPU
		{85CB714E-0D56-42A9-87CE-C21DFA4C7DD7}.Debug|x86.Build.0 = Debug|Any CPU
		{85CB714E-0D56-42A9-87CE-C21DFA4C7DD7}.Release|Any CPU.ActiveCfg = Release|Any CPU
		{85CB714E-0D56-42A9-87CE-C21DFA4C7DD7}.Release|Any CPU.Build.0 = Release|Any CPU
		{85CB714E-0D56-42A9-87CE-C21DFA4C7DD7}.Release|x64.ActiveCfg = Release|Any CPU
		{85CB714E-0D56-42A9-87CE-C21DFA4C7DD7}.Release|x64.Build.0 = Release|Any CPU
		{85CB714E-0D56-42A9-87CE-C21DFA4C7DD7}.Release|x86.ActiveCfg = Release|Any CPU
		{85CB714E-0D56-42A9-87CE-C21DFA4C7DD7}.Release|x86.Build.0 = Release|Any CPU
		{90B78F5E-A51C-4914-9941-D39265290957}.Debug|Any CPU.ActiveCfg = Debug|Any CPU
		{90B78F5E-A51C-4914-9941-D39265290957}.Debug|Any CPU.Build.0 = Debug|Any CPU
		{90B78F5E-A51C-4914-9941-D39265290957}.Debug|x64.ActiveCfg = Debug|Any CPU
		{90B78F5E-A51C-4914-9941-D39265290957}.Debug|x64.Build.0 = Debug|Any CPU
		{90B78F5E-A51C-4914-9941-D39265290957}.Debug|x86.ActiveCfg = Debug|Any CPU
		{90B78F5E-A51C-4914-9941-D39265290957}.Debug|x86.Build.0 = Debug|Any CPU
		{90B78F5E-A51C-4914-9941-D39265290957}.Release|Any CPU.ActiveCfg = Release|Any CPU
		{90B78F5E-A51C-4914-9941-D39265290957}.Release|Any CPU.Build.0 = Release|Any CPU
		{90B78F5E-A51C-4914-9941-D39265290957}.Release|x64.ActiveCfg = Release|Any CPU
		{90B78F5E-A51C-4914-9941-D39265290957}.Release|x64.Build.0 = Release|Any CPU
		{90B78F5E-A51C-4914-9941-D39265290957}.Release|x86.ActiveCfg = Release|Any CPU
		{90B78F5E-A51C-4914-9941-D39265290957}.Release|x86.Build.0 = Release|Any CPU
		{DDE49FF0-4EC2-4709-A08F-6D5220F5D668}.Debug|Any CPU.ActiveCfg = Debug|Any CPU
		{DDE49FF0-4EC2-4709-A08F-6D5220F5D668}.Debug|Any CPU.Build.0 = Debug|Any CPU
		{DDE49FF0-4EC2-4709-A08F-6D5220F5D668}.Debug|x64.ActiveCfg = Debug|Any CPU
		{DDE49FF0-4EC2-4709-A08F-6D5220F5D668}.Debug|x64.Build.0 = Debug|Any CPU
		{DDE49FF0-4EC2-4709-A08F-6D5220F5D668}.Debug|x86.ActiveCfg = Debug|Any CPU
		{DDE49FF0-4EC2-4709-A08F-6D5220F5D668}.Debug|x86.Build.0 = Debug|Any CPU
		{DDE49FF0-4EC2-4709-A08F-6D5220F5D668}.Release|Any CPU.ActiveCfg = Release|Any CPU
		{DDE49FF0-4EC2-4709-A08F-6D5220F5D668}.Release|Any CPU.Build.0 = Release|Any CPU
		{DDE49FF0-4EC2-4709-A08F-6D5220F5D668}.Release|x64.ActiveCfg = Release|Any CPU
		{DDE49FF0-4EC2-4709-A08F-6D5220F5D668}.Release|x64.Build.0 = Release|Any CPU
		{DDE49FF0-4EC2-4709-A08F-6D5220F5D668}.Release|x86.ActiveCfg = Release|Any CPU
		{DDE49FF0-4EC2-4709-A08F-6D5220F5D668}.Release|x86.Build.0 = Release|Any CPU
		{4C5FCB1A-27D7-4E7E-B50B-699510D36F9A}.Debug|Any CPU.ActiveCfg = Debug|Any CPU
		{4C5FCB1A-27D7-4E7E-B50B-699510D36F9A}.Debug|Any CPU.Build.0 = Debug|Any CPU
		{4C5FCB1A-27D7-4E7E-B50B-699510D36F9A}.Debug|x64.ActiveCfg = Debug|Any CPU
		{4C5FCB1A-27D7-4E7E-B50B-699510D36F9A}.Debug|x64.Build.0 = Debug|Any CPU
		{4C5FCB1A-27D7-4E7E-B50B-699510D36F9A}.Debug|x86.ActiveCfg = Debug|Any CPU
		{4C5FCB1A-27D7-4E7E-B50B-699510D36F9A}.Debug|x86.Build.0 = Debug|Any CPU
		{4C5FCB1A-27D7-4E7E-B50B-699510D36F9A}.Release|Any CPU.ActiveCfg = Release|Any CPU
		{4C5FCB1A-27D7-4E7E-B50B-699510D36F9A}.Release|Any CPU.Build.0 = Release|Any CPU
		{4C5FCB1A-27D7-4E7E-B50B-699510D36F9A}.Release|x64.ActiveCfg = Release|Any CPU
		{4C5FCB1A-27D7-4E7E-B50B-699510D36F9A}.Release|x64.Build.0 = Release|Any CPU
		{4C5FCB1A-27D7-4E7E-B50B-699510D36F9A}.Release|x86.ActiveCfg = Release|Any CPU
		{4C5FCB1A-27D7-4E7E-B50B-699510D36F9A}.Release|x86.Build.0 = Release|Any CPU
		{816EF691-786A-4E4E-8009-E72E423BB6CF}.Debug|Any CPU.ActiveCfg = Debug|Any CPU
		{816EF691-786A-4E4E-8009-E72E423BB6CF}.Debug|Any CPU.Build.0 = Debug|Any CPU
		{816EF691-786A-4E4E-8009-E72E423BB6CF}.Debug|x64.ActiveCfg = Debug|Any CPU
		{816EF691-786A-4E4E-8009-E72E423BB6CF}.Debug|x64.Build.0 = Debug|Any CPU
		{816EF691-786A-4E4E-8009-E72E423BB6CF}.Debug|x86.ActiveCfg = Debug|Any CPU
		{816EF691-786A-4E4E-8009-E72E423BB6CF}.Debug|x86.Build.0 = Debug|Any CPU
		{816EF691-786A-4E4E-8009-E72E423BB6CF}.Release|Any CPU.ActiveCfg = Release|Any CPU
		{816EF691-786A-4E4E-8009-E72E423BB6CF}.Release|Any CPU.Build.0 = Release|Any CPU
		{816EF691-786A-4E4E-8009-E72E423BB6CF}.Release|x64.ActiveCfg = Release|Any CPU
		{816EF691-786A-4E4E-8009-E72E423BB6CF}.Release|x64.Build.0 = Release|Any CPU
		{816EF691-786A-4E4E-8009-E72E423BB6CF}.Release|x86.ActiveCfg = Release|Any CPU
		{816EF691-786A-4E4E-8009-E72E423BB6CF}.Release|x86.Build.0 = Release|Any CPU
		{6A32EE77-9DCD-4782-88BB-EC7976DBB2F7}.Debug|Any CPU.ActiveCfg = Debug|Any CPU
		{6A32EE77-9DCD-4782-88BB-EC7976DBB2F7}.Debug|Any CPU.Build.0 = Debug|Any CPU
		{6A32EE77-9DCD-4782-88BB-EC7976DBB2F7}.Debug|x64.ActiveCfg = Debug|Any CPU
		{6A32EE77-9DCD-4782-88BB-EC7976DBB2F7}.Debug|x64.Build.0 = Debug|Any CPU
		{6A32EE77-9DCD-4782-88BB-EC7976DBB2F7}.Debug|x86.ActiveCfg = Debug|Any CPU
		{6A32EE77-9DCD-4782-88BB-EC7976DBB2F7}.Debug|x86.Build.0 = Debug|Any CPU
		{6A32EE77-9DCD-4782-88BB-EC7976DBB2F7}.Release|Any CPU.ActiveCfg = Release|Any CPU
		{6A32EE77-9DCD-4782-88BB-EC7976DBB2F7}.Release|Any CPU.Build.0 = Release|Any CPU
		{6A32EE77-9DCD-4782-88BB-EC7976DBB2F7}.Release|x64.ActiveCfg = Release|Any CPU
		{6A32EE77-9DCD-4782-88BB-EC7976DBB2F7}.Release|x64.Build.0 = Release|Any CPU
		{6A32EE77-9DCD-4782-88BB-EC7976DBB2F7}.Release|x86.ActiveCfg = Release|Any CPU
		{6A32EE77-9DCD-4782-88BB-EC7976DBB2F7}.Release|x86.Build.0 = Release|Any CPU
		{AB0B4F0A-255A-4922-82BC-B15E5B8FD39C}.Debug|Any CPU.ActiveCfg = Debug|Any CPU
		{AB0B4F0A-255A-4922-82BC-B15E5B8FD39C}.Debug|Any CPU.Build.0 = Debug|Any CPU
		{AB0B4F0A-255A-4922-82BC-B15E5B8FD39C}.Debug|x64.ActiveCfg = Debug|Any CPU
		{AB0B4F0A-255A-4922-82BC-B15E5B8FD39C}.Debug|x64.Build.0 = Debug|Any CPU
		{AB0B4F0A-255A-4922-82BC-B15E5B8FD39C}.Debug|x86.ActiveCfg = Debug|Any CPU
		{AB0B4F0A-255A-4922-82BC-B15E5B8FD39C}.Debug|x86.Build.0 = Debug|Any CPU
		{AB0B4F0A-255A-4922-82BC-B15E5B8FD39C}.Release|Any CPU.ActiveCfg = Release|Any CPU
		{AB0B4F0A-255A-4922-82BC-B15E5B8FD39C}.Release|Any CPU.Build.0 = Release|Any CPU
		{AB0B4F0A-255A-4922-82BC-B15E5B8FD39C}.Release|x64.ActiveCfg = Release|Any CPU
		{AB0B4F0A-255A-4922-82BC-B15E5B8FD39C}.Release|x64.Build.0 = Release|Any CPU
		{AB0B4F0A-255A-4922-82BC-B15E5B8FD39C}.Release|x86.ActiveCfg = Release|Any CPU
		{AB0B4F0A-255A-4922-82BC-B15E5B8FD39C}.Release|x86.Build.0 = Release|Any CPU
		{007C4D83-543C-4FD9-8D63-C81D61B9A7B4}.Debug|Any CPU.ActiveCfg = Debug|Any CPU
		{007C4D83-543C-4FD9-8D63-C81D61B9A7B4}.Debug|Any CPU.Build.0 = Debug|Any CPU
		{007C4D83-543C-4FD9-8D63-C81D61B9A7B4}.Debug|x64.ActiveCfg = Debug|Any CPU
		{007C4D83-543C-4FD9-8D63-C81D61B9A7B4}.Debug|x64.Build.0 = Debug|Any CPU
		{007C4D83-543C-4FD9-8D63-C81D61B9A7B4}.Debug|x86.ActiveCfg = Debug|Any CPU
		{007C4D83-543C-4FD9-8D63-C81D61B9A7B4}.Debug|x86.Build.0 = Debug|Any CPU
		{007C4D83-543C-4FD9-8D63-C81D61B9A7B4}.Release|Any CPU.ActiveCfg = Release|Any CPU
		{007C4D83-543C-4FD9-8D63-C81D61B9A7B4}.Release|Any CPU.Build.0 = Release|Any CPU
		{007C4D83-543C-4FD9-8D63-C81D61B9A7B4}.Release|x64.ActiveCfg = Release|Any CPU
		{007C4D83-543C-4FD9-8D63-C81D61B9A7B4}.Release|x64.Build.0 = Release|Any CPU
		{007C4D83-543C-4FD9-8D63-C81D61B9A7B4}.Release|x86.ActiveCfg = Release|Any CPU
		{007C4D83-543C-4FD9-8D63-C81D61B9A7B4}.Release|x86.Build.0 = Release|Any CPU
		{71190013-A699-4AC5-9898-D14E9B8B6DEA}.Debug|Any CPU.ActiveCfg = Debug|Any CPU
		{71190013-A699-4AC5-9898-D14E9B8B6DEA}.Debug|Any CPU.Build.0 = Debug|Any CPU
		{71190013-A699-4AC5-9898-D14E9B8B6DEA}.Debug|x64.ActiveCfg = Debug|Any CPU
		{71190013-A699-4AC5-9898-D14E9B8B6DEA}.Debug|x64.Build.0 = Debug|Any CPU
		{71190013-A699-4AC5-9898-D14E9B8B6DEA}.Debug|x86.ActiveCfg = Debug|Any CPU
		{71190013-A699-4AC5-9898-D14E9B8B6DEA}.Debug|x86.Build.0 = Debug|Any CPU
		{71190013-A699-4AC5-9898-D14E9B8B6DEA}.Release|Any CPU.ActiveCfg = Release|Any CPU
		{71190013-A699-4AC5-9898-D14E9B8B6DEA}.Release|Any CPU.Build.0 = Release|Any CPU
		{71190013-A699-4AC5-9898-D14E9B8B6DEA}.Release|x64.ActiveCfg = Release|Any CPU
		{71190013-A699-4AC5-9898-D14E9B8B6DEA}.Release|x64.Build.0 = Release|Any CPU
		{71190013-A699-4AC5-9898-D14E9B8B6DEA}.Release|x86.ActiveCfg = Release|Any CPU
		{71190013-A699-4AC5-9898-D14E9B8B6DEA}.Release|x86.Build.0 = Release|Any CPU
		{81C11CD4-6D14-449D-BAD0-04A8480CA3A8}.Debug|Any CPU.ActiveCfg = Debug|Any CPU
		{81C11CD4-6D14-449D-BAD0-04A8480CA3A8}.Debug|Any CPU.Build.0 = Debug|Any CPU
		{81C11CD4-6D14-449D-BAD0-04A8480CA3A8}.Debug|x64.ActiveCfg = Debug|Any CPU
		{81C11CD4-6D14-449D-BAD0-04A8480CA3A8}.Debug|x64.Build.0 = Debug|Any CPU
		{81C11CD4-6D14-449D-BAD0-04A8480CA3A8}.Debug|x86.ActiveCfg = Debug|Any CPU
		{81C11CD4-6D14-449D-BAD0-04A8480CA3A8}.Debug|x86.Build.0 = Debug|Any CPU
		{81C11CD4-6D14-449D-BAD0-04A8480CA3A8}.Release|Any CPU.ActiveCfg = Release|Any CPU
		{81C11CD4-6D14-449D-BAD0-04A8480CA3A8}.Release|Any CPU.Build.0 = Release|Any CPU
		{81C11CD4-6D14-449D-BAD0-04A8480CA3A8}.Release|x64.ActiveCfg = Release|Any CPU
		{81C11CD4-6D14-449D-BAD0-04A8480CA3A8}.Release|x64.Build.0 = Release|Any CPU
		{81C11CD4-6D14-449D-BAD0-04A8480CA3A8}.Release|x86.ActiveCfg = Release|Any CPU
		{81C11CD4-6D14-449D-BAD0-04A8480CA3A8}.Release|x86.Build.0 = Release|Any CPU
		{4C554E69-0BFE-4B3A-8D07-D6EF9B2598E0}.Debug|Any CPU.ActiveCfg = Debug|Any CPU
		{4C554E69-0BFE-4B3A-8D07-D6EF9B2598E0}.Debug|Any CPU.Build.0 = Debug|Any CPU
		{4C554E69-0BFE-4B3A-8D07-D6EF9B2598E0}.Debug|x64.ActiveCfg = Debug|Any CPU
		{4C554E69-0BFE-4B3A-8D07-D6EF9B2598E0}.Debug|x64.Build.0 = Debug|Any CPU
		{4C554E69-0BFE-4B3A-8D07-D6EF9B2598E0}.Debug|x86.ActiveCfg = Debug|Any CPU
		{4C554E69-0BFE-4B3A-8D07-D6EF9B2598E0}.Debug|x86.Build.0 = Debug|Any CPU
		{4C554E69-0BFE-4B3A-8D07-D6EF9B2598E0}.Release|Any CPU.ActiveCfg = Release|Any CPU
		{4C554E69-0BFE-4B3A-8D07-D6EF9B2598E0}.Release|Any CPU.Build.0 = Release|Any CPU
		{4C554E69-0BFE-4B3A-8D07-D6EF9B2598E0}.Release|x64.ActiveCfg = Release|Any CPU
		{4C554E69-0BFE-4B3A-8D07-D6EF9B2598E0}.Release|x64.Build.0 = Release|Any CPU
		{4C554E69-0BFE-4B3A-8D07-D6EF9B2598E0}.Release|x86.ActiveCfg = Release|Any CPU
		{4C554E69-0BFE-4B3A-8D07-D6EF9B2598E0}.Release|x86.Build.0 = Release|Any CPU
		{BE8F1B23-DFAC-47BE-B72D-8E2BF5A638B7}.Debug|Any CPU.ActiveCfg = Debug|Any CPU
		{BE8F1B23-DFAC-47BE-B72D-8E2BF5A638B7}.Debug|Any CPU.Build.0 = Debug|Any CPU
		{BE8F1B23-DFAC-47BE-B72D-8E2BF5A638B7}.Debug|x64.ActiveCfg = Debug|Any CPU
		{BE8F1B23-DFAC-47BE-B72D-8E2BF5A638B7}.Debug|x64.Build.0 = Debug|Any CPU
		{BE8F1B23-DFAC-47BE-B72D-8E2BF5A638B7}.Debug|x86.ActiveCfg = Debug|Any CPU
		{BE8F1B23-DFAC-47BE-B72D-8E2BF5A638B7}.Debug|x86.Build.0 = Debug|Any CPU
		{BE8F1B23-DFAC-47BE-B72D-8E2BF5A638B7}.Release|Any CPU.ActiveCfg = Release|Any CPU
		{BE8F1B23-DFAC-47BE-B72D-8E2BF5A638B7}.Release|Any CPU.Build.0 = Release|Any CPU
		{BE8F1B23-DFAC-47BE-B72D-8E2BF5A638B7}.Release|x64.ActiveCfg = Release|Any CPU
		{BE8F1B23-DFAC-47BE-B72D-8E2BF5A638B7}.Release|x64.Build.0 = Release|Any CPU
		{BE8F1B23-DFAC-47BE-B72D-8E2BF5A638B7}.Release|x86.ActiveCfg = Release|Any CPU
		{BE8F1B23-DFAC-47BE-B72D-8E2BF5A638B7}.Release|x86.Build.0 = Release|Any CPU
		{30E8FC3F-48E6-43FB-8BF5-BAB73414FA0D}.Debug|Any CPU.ActiveCfg = Debug|Any CPU
		{30E8FC3F-48E6-43FB-8BF5-BAB73414FA0D}.Debug|Any CPU.Build.0 = Debug|Any CPU
		{30E8FC3F-48E6-43FB-8BF5-BAB73414FA0D}.Debug|x64.ActiveCfg = Debug|Any CPU
		{30E8FC3F-48E6-43FB-8BF5-BAB73414FA0D}.Debug|x64.Build.0 = Debug|Any CPU
		{30E8FC3F-48E6-43FB-8BF5-BAB73414FA0D}.Debug|x86.ActiveCfg = Debug|Any CPU
		{30E8FC3F-48E6-43FB-8BF5-BAB73414FA0D}.Debug|x86.Build.0 = Debug|Any CPU
		{30E8FC3F-48E6-43FB-8BF5-BAB73414FA0D}.Release|Any CPU.ActiveCfg = Release|Any CPU
		{30E8FC3F-48E6-43FB-8BF5-BAB73414FA0D}.Release|Any CPU.Build.0 = Release|Any CPU
		{30E8FC3F-48E6-43FB-8BF5-BAB73414FA0D}.Release|x64.ActiveCfg = Release|Any CPU
		{30E8FC3F-48E6-43FB-8BF5-BAB73414FA0D}.Release|x64.Build.0 = Release|Any CPU
		{30E8FC3F-48E6-43FB-8BF5-BAB73414FA0D}.Release|x86.ActiveCfg = Release|Any CPU
		{30E8FC3F-48E6-43FB-8BF5-BAB73414FA0D}.Release|x86.Build.0 = Release|Any CPU
		{6B2C3218-02B0-40EB-9E90-29EA2C6434B3}.Debug|Any CPU.ActiveCfg = Debug|Any CPU
		{6B2C3218-02B0-40EB-9E90-29EA2C6434B3}.Debug|Any CPU.Build.0 = Debug|Any CPU
		{6B2C3218-02B0-40EB-9E90-29EA2C6434B3}.Debug|x64.ActiveCfg = Debug|Any CPU
		{6B2C3218-02B0-40EB-9E90-29EA2C6434B3}.Debug|x64.Build.0 = Debug|Any CPU
		{6B2C3218-02B0-40EB-9E90-29EA2C6434B3}.Debug|x86.ActiveCfg = Debug|Any CPU
		{6B2C3218-02B0-40EB-9E90-29EA2C6434B3}.Debug|x86.Build.0 = Debug|Any CPU
		{6B2C3218-02B0-40EB-9E90-29EA2C6434B3}.Release|Any CPU.ActiveCfg = Release|Any CPU
		{6B2C3218-02B0-40EB-9E90-29EA2C6434B3}.Release|Any CPU.Build.0 = Release|Any CPU
		{6B2C3218-02B0-40EB-9E90-29EA2C6434B3}.Release|x64.ActiveCfg = Release|Any CPU
		{6B2C3218-02B0-40EB-9E90-29EA2C6434B3}.Release|x64.Build.0 = Release|Any CPU
		{6B2C3218-02B0-40EB-9E90-29EA2C6434B3}.Release|x86.ActiveCfg = Release|Any CPU
		{6B2C3218-02B0-40EB-9E90-29EA2C6434B3}.Release|x86.Build.0 = Release|Any CPU
		{76F78D0E-77B0-40A4-9AD6-0BC04DD306E9}.Debug|Any CPU.ActiveCfg = Debug|Any CPU
		{76F78D0E-77B0-40A4-9AD6-0BC04DD306E9}.Debug|Any CPU.Build.0 = Debug|Any CPU
		{76F78D0E-77B0-40A4-9AD6-0BC04DD306E9}.Debug|x64.ActiveCfg = Debug|Any CPU
		{76F78D0E-77B0-40A4-9AD6-0BC04DD306E9}.Debug|x64.Build.0 = Debug|Any CPU
		{76F78D0E-77B0-40A4-9AD6-0BC04DD306E9}.Debug|x86.ActiveCfg = Debug|Any CPU
		{76F78D0E-77B0-40A4-9AD6-0BC04DD306E9}.Debug|x86.Build.0 = Debug|Any CPU
		{76F78D0E-77B0-40A4-9AD6-0BC04DD306E9}.Release|Any CPU.ActiveCfg = Release|Any CPU
		{76F78D0E-77B0-40A4-9AD6-0BC04DD306E9}.Release|Any CPU.Build.0 = Release|Any CPU
		{76F78D0E-77B0-40A4-9AD6-0BC04DD306E9}.Release|x64.ActiveCfg = Release|Any CPU
		{76F78D0E-77B0-40A4-9AD6-0BC04DD306E9}.Release|x64.Build.0 = Release|Any CPU
		{76F78D0E-77B0-40A4-9AD6-0BC04DD306E9}.Release|x86.ActiveCfg = Release|Any CPU
		{76F78D0E-77B0-40A4-9AD6-0BC04DD306E9}.Release|x86.Build.0 = Release|Any CPU
		{10CC0B15-8879-481E-B9ED-C00E97CCBEF1}.Debug|Any CPU.ActiveCfg = Debug|Any CPU
		{10CC0B15-8879-481E-B9ED-C00E97CCBEF1}.Debug|Any CPU.Build.0 = Debug|Any CPU
		{10CC0B15-8879-481E-B9ED-C00E97CCBEF1}.Debug|x64.ActiveCfg = Debug|Any CPU
		{10CC0B15-8879-481E-B9ED-C00E97CCBEF1}.Debug|x64.Build.0 = Debug|Any CPU
		{10CC0B15-8879-481E-B9ED-C00E97CCBEF1}.Debug|x86.ActiveCfg = Debug|Any CPU
		{10CC0B15-8879-481E-B9ED-C00E97CCBEF1}.Debug|x86.Build.0 = Debug|Any CPU
		{10CC0B15-8879-481E-B9ED-C00E97CCBEF1}.Release|Any CPU.ActiveCfg = Release|Any CPU
		{10CC0B15-8879-481E-B9ED-C00E97CCBEF1}.Release|Any CPU.Build.0 = Release|Any CPU
		{10CC0B15-8879-481E-B9ED-C00E97CCBEF1}.Release|x64.ActiveCfg = Release|Any CPU
		{10CC0B15-8879-481E-B9ED-C00E97CCBEF1}.Release|x64.Build.0 = Release|Any CPU
		{10CC0B15-8879-481E-B9ED-C00E97CCBEF1}.Release|x86.ActiveCfg = Release|Any CPU
		{10CC0B15-8879-481E-B9ED-C00E97CCBEF1}.Release|x86.Build.0 = Release|Any CPU
		{BD83C968-CFAA-441C-A197-F22A4BBB1631}.Debug|Any CPU.ActiveCfg = Debug|Any CPU
		{BD83C968-CFAA-441C-A197-F22A4BBB1631}.Debug|Any CPU.Build.0 = Debug|Any CPU
		{BD83C968-CFAA-441C-A197-F22A4BBB1631}.Debug|x64.ActiveCfg = Debug|Any CPU
		{BD83C968-CFAA-441C-A197-F22A4BBB1631}.Debug|x64.Build.0 = Debug|Any CPU
		{BD83C968-CFAA-441C-A197-F22A4BBB1631}.Debug|x86.ActiveCfg = Debug|Any CPU
		{BD83C968-CFAA-441C-A197-F22A4BBB1631}.Debug|x86.Build.0 = Debug|Any CPU
		{BD83C968-CFAA-441C-A197-F22A4BBB1631}.Release|Any CPU.ActiveCfg = Release|Any CPU
		{BD83C968-CFAA-441C-A197-F22A4BBB1631}.Release|Any CPU.Build.0 = Release|Any CPU
		{BD83C968-CFAA-441C-A197-F22A4BBB1631}.Release|x64.ActiveCfg = Release|Any CPU
		{BD83C968-CFAA-441C-A197-F22A4BBB1631}.Release|x64.Build.0 = Release|Any CPU
		{BD83C968-CFAA-441C-A197-F22A4BBB1631}.Release|x86.ActiveCfg = Release|Any CPU
		{BD83C968-CFAA-441C-A197-F22A4BBB1631}.Release|x86.Build.0 = Release|Any CPU
	EndGlobalSection
	GlobalSection(SolutionProperties) = preSolution
		HideSolutionNode = FALSE
	EndGlobalSection
	GlobalSection(NestedProjects) = preSolution
		{52BF7FB6-37FF-5100-EFD1-124EFF302675} = {827E0CD3-B72D-47B6-A68D-7590B98EB39B}
		{C3F9785A-E3B6-4212-AC1F-79D048B4FA80} = {52BF7FB6-37FF-5100-EFD1-124EFF302675}
		{984BB9B3-3FA3-BE33-9484-CAC21695A33C} = {827E0CD3-B72D-47B6-A68D-7590B98EB39B}
		{1BFC9479-12BF-35C3-06B8-42D89D95092B} = {984BB9B3-3FA3-BE33-9484-CAC21695A33C}
		{45466E5B-A1B2-4AE5-9160-462178568BBC} = {1BFC9479-12BF-35C3-06B8-42D89D95092B}
		{455E3C64-EE82-48C9-8B42-8B9D73FFEEBF} = {1BFC9479-12BF-35C3-06B8-42D89D95092B}
		{85CB714E-0D56-42A9-87CE-C21DFA4C7DD7} = {1BFC9479-12BF-35C3-06B8-42D89D95092B}
		{90B78F5E-A51C-4914-9941-D39265290957} = {1BFC9479-12BF-35C3-06B8-42D89D95092B}
		{90298CBA-BD6F-3A0A-69D5-97CAD7B05E7E} = {827E0CD3-B72D-47B6-A68D-7590B98EB39B}
		{DDE49FF0-4EC2-4709-A08F-6D5220F5D668} = {90298CBA-BD6F-3A0A-69D5-97CAD7B05E7E}
		{4C5FCB1A-27D7-4E7E-B50B-699510D36F9A} = {52BF7FB6-37FF-5100-EFD1-124EFF302675}
		{C91C1CF1-1625-0789-F869-53D87D6277BA} = {984BB9B3-3FA3-BE33-9484-CAC21695A33C}
		{816EF691-786A-4E4E-8009-E72E423BB6CF} = {C91C1CF1-1625-0789-F869-53D87D6277BA}
		{6A32EE77-9DCD-4782-88BB-EC7976DBB2F7} = {C91C1CF1-1625-0789-F869-53D87D6277BA}
		{AB0B4F0A-255A-4922-82BC-B15E5B8FD39C} = {C91C1CF1-1625-0789-F869-53D87D6277BA}
		{007C4D83-543C-4FD9-8D63-C81D61B9A7B4} = {C91C1CF1-1625-0789-F869-53D87D6277BA}
		{4123167B-43F7-B7D6-9F7F-37C16FB29096} = {984BB9B3-3FA3-BE33-9484-CAC21695A33C}
		{71190013-A699-4AC5-9898-D14E9B8B6DEA} = {4123167B-43F7-B7D6-9F7F-37C16FB29096}
		{81C11CD4-6D14-449D-BAD0-04A8480CA3A8} = {4123167B-43F7-B7D6-9F7F-37C16FB29096}
		{4C554E69-0BFE-4B3A-8D07-D6EF9B2598E0} = {4123167B-43F7-B7D6-9F7F-37C16FB29096}
		{BE8F1B23-DFAC-47BE-B72D-8E2BF5A638B7} = {4123167B-43F7-B7D6-9F7F-37C16FB29096}
		{51783B9E-01FA-EB3D-EDDF-14C9B6B2F2DC} = {984BB9B3-3FA3-BE33-9484-CAC21695A33C}
		{30E8FC3F-48E6-43FB-8BF5-BAB73414FA0D} = {51783B9E-01FA-EB3D-EDDF-14C9B6B2F2DC}
		{6B2C3218-02B0-40EB-9E90-29EA2C6434B3} = {51783B9E-01FA-EB3D-EDDF-14C9B6B2F2DC}
		{76F78D0E-77B0-40A4-9AD6-0BC04DD306E9} = {51783B9E-01FA-EB3D-EDDF-14C9B6B2F2DC}
		{6306A8FB-679E-111F-6585-8F70E0EE6013} = {827E0CD3-B72D-47B6-A68D-7590B98EB39B}
		{10CC0B15-8879-481E-B9ED-C00E97CCBEF1} = {6306A8FB-679E-111F-6585-8F70E0EE6013}
		{DCB6FCB8-FF92-AC57-0842-1F72A354D6B1} = {827E0CD3-B72D-47B6-A68D-7590B98EB39B}
		{BD83C968-CFAA-441C-A197-F22A4BBB1631} = {DCB6FCB8-FF92-AC57-0842-1F72A354D6B1}
	EndGlobalSection
EndGlobal
